// !$*UTF8*$!
{
	archiveVersion = 1;
	classes = {
	};
	objectVersion = 51;
	objects = {

/* Begin PBXBuildFile section */
		641C1A4E2417C49C00234C7F /* OscarLib.h in Headers */ = {isa = PBXBuildFile; fileRef = 641C1A4D2417C49C00234C7F /* OscarLib.h */; };
		64320CE123FCF9A200F19A9C /* APNSDelegate.m in Sources */ = {isa = PBXBuildFile; fileRef = 64320CE023FCF9A200F19A9C /* APNSDelegate.m */; };
		64320CE423FCF9A200F19A9C /* SceneDelegate.m in Sources */ = {isa = PBXBuildFile; fileRef = 64320CE323FCF9A200F19A9C /* SceneDelegate.m */; };
		64320CE723FCF9A200F19A9C /* OscarMainController.m in Sources */ = {isa = PBXBuildFile; fileRef = 64320CE623FCF9A200F19A9C /* OscarMainController.m */; };
		64320CEA23FCF9A200F19A9C /* Main.storyboard in Resources */ = {isa = PBXBuildFile; fileRef = 64320CE823FCF9A200F19A9C /* Main.storyboard */; };
		64320CEF23FCF9A200F19A9C /* LaunchScreen.storyboard in Resources */ = {isa = PBXBuildFile; fileRef = 64320CED23FCF9A200F19A9C /* LaunchScreen.storyboard */; };
		64320CF223FCF9A200F19A9C /* main.m in Sources */ = {isa = PBXBuildFile; fileRef = 64320CF123FCF9A200F19A9C /* main.m */; };
		64596C2E23FCFF3700237F49 /* Assets.xcassets in Resources */ = {isa = PBXBuildFile; fileRef = 64596C2D23FCFF3700237F49 /* Assets.xcassets */; };
		645EECAD240F892000205F38 /* FCMDelegate.m in Sources */ = {isa = PBXBuildFile; fileRef = 645EECAC240F892000205F38 /* FCMDelegate.m */; };
		645EECAF2410DE7200205F38 /* GoogleService-Info.plist in Resources */ = {isa = PBXBuildFile; fileRef = 645EECAE2410DE7200205F38 /* GoogleService-Info.plist */; };
		645EECBA24120FCD00205F38 /* oscarIcon.png in Resources */ = {isa = PBXBuildFile; fileRef = 645EECB724120FCC00205F38 /* oscarIcon.png */; };
		645EECBB24120FCD00205F38 /* pushIcon.png in Resources */ = {isa = PBXBuildFile; fileRef = 645EECB824120FCC00205F38 /* pushIcon.png */; };
		645EECBC24120FCD00205F38 /* qrIcom.png in Resources */ = {isa = PBXBuildFile; fileRef = 645EECB924120FCD00205F38 /* qrIcom.png */; };
		645EECDA2417340C00205F38 /* PushController.m in Sources */ = {isa = PBXBuildFile; fileRef = 645EECD92417340C00205F38 /* PushController.m */; };
		645EECDC241738BD00205F38 /* meteor.png in Resources */ = {isa = PBXBuildFile; fileRef = 645EECDB241738BD00205F38 /* meteor.png */; };
		645EECDE24174C9A00205F38 /* word.png in Resources */ = {isa = PBXBuildFile; fileRef = 645EECDD24174C9A00205F38 /* word.png */; };
		645EECE12417674600205F38 /* libOscarLib.a in Frameworks */ = {isa = PBXBuildFile; fileRef = 645EECE02417674600205F38 /* libOscarLib.a */; };
		645EECE5241773E000205F38 /* LoginController.m in Sources */ = {isa = PBXBuildFile; fileRef = 645EECE4241773E000205F38 /* LoginController.m */; };
		645EECE824177A6600205F38 /* LocalAuthentication.framework in Frameworks */ = {isa = PBXBuildFile; fileRef = 645EECE724177A6600205F38 /* LocalAuthentication.framework */; };
		6466C2852418D2B900A4A89A /* AuntenticateController.h in Headers */ = {isa = PBXBuildFile; fileRef = 6466C2832418D2B900A4A89A /* AuntenticateController.h */; };
		6466C2862418D2B900A4A89A /* AuntenticateController.m in Sources */ = {isa = PBXBuildFile; fileRef = 6466C2842418D2B900A4A89A /* AuntenticateController.m */; };
		7816EBDF54782AA382362ACB /* Pods_OscarSample.framework in Frameworks */ = {isa = PBXBuildFile; fileRef = 0B31DB01C2EED80389909E39 /* Pods_OscarSample.framework */; };
/* End PBXBuildFile section */

/* Begin PBXFileReference section */
		0B31DB01C2EED80389909E39 /* Pods_OscarSample.framework */ = {isa = PBXFileReference; explicitFileType = wrapper.framework; includeInIndex = 0; path = Pods_OscarSample.framework; sourceTree = BUILT_PRODUCTS_DIR; };
		641C1A4D2417C49C00234C7F /* OscarLib.h */ = {isa = PBXFileReference; lastKnownFileType = sourcecode.c.h; name = OscarLib.h; path = ../include/OscarLib.h; sourceTree = "<group>"; };
		64320CDC23FCF9A200F19A9C /* OscarSample.app */ = {isa = PBXFileReference; explicitFileType = wrapper.application; includeInIndex = 0; path = OscarSample.app; sourceTree = BUILT_PRODUCTS_DIR; };
		64320CDF23FCF9A200F19A9C /* APNSDelegate.h */ = {isa = PBXFileReference; lastKnownFileType = sourcecode.c.h; path = APNSDelegate.h; sourceTree = "<group>"; };
		64320CE023FCF9A200F19A9C /* APNSDelegate.m */ = {isa = PBXFileReference; lastKnownFileType = sourcecode.c.objc; path = APNSDelegate.m; sourceTree = "<group>"; };
		64320CE223FCF9A200F19A9C /* SceneDelegate.h */ = {isa = PBXFileReference; lastKnownFileType = sourcecode.c.h; path = SceneDelegate.h; sourceTree = "<group>"; };
		64320CE323FCF9A200F19A9C /* SceneDelegate.m */ = {isa = PBXFileReference; lastKnownFileType = sourcecode.c.objc; path = SceneDelegate.m; sourceTree = "<group>"; };
		64320CE523FCF9A200F19A9C /* OscarMainController.h */ = {isa = PBXFileReference; lastKnownFileType = sourcecode.c.h; path = OscarMainController.h; sourceTree = "<group>"; };
		64320CE623FCF9A200F19A9C /* OscarMainController.m */ = {isa = PBXFileReference; lastKnownFileType = sourcecode.c.objc; path = OscarMainController.m; sourceTree = "<group>"; };
		64320CE923FCF9A200F19A9C /* Base */ = {isa = PBXFileReference; lastKnownFileType = file.storyboard; name = Base; path = Base.lproj/Main.storyboard; sourceTree = "<group>"; };
		64320CEE23FCF9A200F19A9C /* Base */ = {isa = PBXFileReference; lastKnownFileType = file.storyboard; name = Base; path = Base.lproj/LaunchScreen.storyboard; sourceTree = "<group>"; };
		64320CF023FCF9A200F19A9C /* Info.plist */ = {isa = PBXFileReference; lastKnownFileType = text.plist.xml; path = Info.plist; sourceTree = "<group>"; };
		64320CF123FCF9A200F19A9C /* main.m */ = {isa = PBXFileReference; lastKnownFileType = sourcecode.c.objc; path = main.m; sourceTree = "<group>"; };
		64596C2D23FCFF3700237F49 /* Assets.xcassets */ = {isa = PBXFileReference; lastKnownFileType = folder.assetcatalog; path = Assets.xcassets; sourceTree = "<group>"; };
		64596C3823FD168300237F49 /* OscarSample.entitlements */ = {isa = PBXFileReference; fileEncoding = 4; lastKnownFileType = text.plist.entitlements; path = OscarSample.entitlements; sourceTree = "<group>"; };
		645EECAB240F892000205F38 /* FCMDelegate.h */ = {isa = PBXFileReference; lastKnownFileType = sourcecode.c.h; path = FCMDelegate.h; sourceTree = "<group>"; };
		645EECAC240F892000205F38 /* FCMDelegate.m */ = {isa = PBXFileReference; lastKnownFileType = sourcecode.c.objc; path = FCMDelegate.m; sourceTree = "<group>"; };
		645EECAE2410DE7200205F38 /* GoogleService-Info.plist */ = {isa = PBXFileReference; fileEncoding = 4; lastKnownFileType = text.plist.xml; path = "GoogleService-Info.plist"; sourceTree = "<group>"; };
		645EECB724120FCC00205F38 /* oscarIcon.png */ = {isa = PBXFileReference; lastKnownFileType = image.png; path = oscarIcon.png; sourceTree = "<group>"; };
		645EECB824120FCC00205F38 /* pushIcon.png */ = {isa = PBXFileReference; lastKnownFileType = image.png; path = pushIcon.png; sourceTree = "<group>"; };
		645EECB924120FCD00205F38 /* qrIcom.png */ = {isa = PBXFileReference; lastKnownFileType = image.png; path = qrIcom.png; sourceTree = "<group>"; };
		645EECD82417340C00205F38 /* PushController.h */ = {isa = PBXFileReference; lastKnownFileType = sourcecode.c.h; path = PushController.h; sourceTree = "<group>"; };
		645EECD92417340C00205F38 /* PushController.m */ = {isa = PBXFileReference; lastKnownFileType = sourcecode.c.objc; path = PushController.m; sourceTree = "<group>"; };
		645EECDB241738BD00205F38 /* meteor.png */ = {isa = PBXFileReference; lastKnownFileType = image.png; path = meteor.png; sourceTree = "<group>"; };
		645EECDD24174C9A00205F38 /* word.png */ = {isa = PBXFileReference; lastKnownFileType = image.png; path = word.png; sourceTree = "<group>"; };
		645EECE02417674600205F38 /* libOscarLib.a */ = {isa = PBXFileReference; lastKnownFileType = archive.ar; name = libOscarLib.a; path = lib/libOscarLib.a; sourceTree = "<group>"; };
		645EECE3241773E000205F38 /* LoginController.h */ = {isa = PBXFileReference; lastKnownFileType = sourcecode.c.h; path = LoginController.h; sourceTree = "<group>"; };
		645EECE4241773E000205F38 /* LoginController.m */ = {isa = PBXFileReference; lastKnownFileType = sourcecode.c.objc; path = LoginController.m; sourceTree = "<group>"; };
		645EECE724177A6600205F38 /* LocalAuthentication.framework */ = {isa = PBXFileReference; lastKnownFileType = wrapper.framework; name = LocalAuthentication.framework; path = System/Library/Frameworks/LocalAuthentication.framework; sourceTree = SDKROOT; };
		6466C2832418D2B900A4A89A /* AuntenticateController.h */ = {isa = PBXFileReference; lastKnownFileType = sourcecode.c.h; path = AuntenticateController.h; sourceTree = "<group>"; };
		6466C2842418D2B900A4A89A /* AuntenticateController.m */ = {isa = PBXFileReference; lastKnownFileType = sourcecode.c.objc; path = AuntenticateController.m; sourceTree = "<group>"; };
		82F21E9EA093D9E48B8ACDA6 /* Pods-OscarSample.debug.xcconfig */ = {isa = PBXFileReference; includeInIndex = 1; lastKnownFileType = text.xcconfig; name = "Pods-OscarSample.debug.xcconfig"; path = "Target Support Files/Pods-OscarSample/Pods-OscarSample.debug.xcconfig"; sourceTree = "<group>"; };
		B891E71D6D7455D63B664E0E /* Pods-OscarSample.release.xcconfig */ = {isa = PBXFileReference; includeInIndex = 1; lastKnownFileType = text.xcconfig; name = "Pods-OscarSample.release.xcconfig"; path = "Target Support Files/Pods-OscarSample/Pods-OscarSample.release.xcconfig"; sourceTree = "<group>"; };
/* End PBXFileReference section */

/* Begin PBXFrameworksBuildPhase section */
		64320CD923FCF9A200F19A9C /* Frameworks */ = {
			isa = PBXFrameworksBuildPhase;
			buildActionMask = 2147483647;
			files = (
				645EECE12417674600205F38 /* libOscarLib.a in Frameworks */,
				645EECE824177A6600205F38 /* LocalAuthentication.framework in Frameworks */,
				7816EBDF54782AA382362ACB /* Pods_OscarSample.framework in Frameworks */,
			);
			runOnlyForDeploymentPostprocessing = 0;
		};
/* End PBXFrameworksBuildPhase section */

/* Begin PBXGroup section */
		64320CD323FCF9A200F19A9C = {
			isa = PBXGroup;
			children = (
				64320CDE23FCF9A200F19A9C /* OscarSample */,
				64320CDD23FCF9A200F19A9C /* Products */,
				64596C3123FD140B00237F49 /* Frameworks */,
				F9433263F311952CBB1CDBC5 /* Pods */,
			);
			sourceTree = "<group>";
		};
		64320CDD23FCF9A200F19A9C /* Products */ = {
			isa = PBXGroup;
			children = (
				64320CDC23FCF9A200F19A9C /* OscarSample.app */,
			);
			name = Products;
			sourceTree = "<group>";
		};
		64320CDE23FCF9A200F19A9C /* OscarSample */ = {
			isa = PBXGroup;
			children = (
				64320CDF23FCF9A200F19A9C /* APNSDelegate.h */,
				64320CE023FCF9A200F19A9C /* APNSDelegate.m */,
				641C1A4D2417C49C00234C7F /* OscarLib.h */,
				645EECAB240F892000205F38 /* FCMDelegate.h */,
				645EECAC240F892000205F38 /* FCMDelegate.m */,
				64320CE223FCF9A200F19A9C /* SceneDelegate.h */,
				64320CE323FCF9A200F19A9C /* SceneDelegate.m */,
				64320CE523FCF9A200F19A9C /* OscarMainController.h */,
				64320CE623FCF9A200F19A9C /* OscarMainController.m */,
				645EECD82417340C00205F38 /* PushController.h */,
				645EECD92417340C00205F38 /* PushController.m */,
				645EECE3241773E000205F38 /* LoginController.h */,
				645EECE4241773E000205F38 /* LoginController.m */,
				64320CE823FCF9A200F19A9C /* Main.storyboard */,
				64320CED23FCF9A200F19A9C /* LaunchScreen.storyboard */,
				645EECB724120FCC00205F38 /* oscarIcon.png */,
				645EECDD24174C9A00205F38 /* word.png */,
				645EECB824120FCC00205F38 /* pushIcon.png */,
				645EECDB241738BD00205F38 /* meteor.png */,
				645EECB924120FCD00205F38 /* qrIcom.png */,
				64596C2D23FCFF3700237F49 /* Assets.xcassets */,
				64320CF023FCF9A200F19A9C /* Info.plist */,
				64596C3823FD168300237F49 /* OscarSample.entitlements */,
				645EECAE2410DE7200205F38 /* GoogleService-Info.plist */,
				64320CF123FCF9A200F19A9C /* main.m */,
				6466C2832418D2B900A4A89A /* AuntenticateController.h */,
				6466C2842418D2B900A4A89A /* AuntenticateController.m */,
			);
			path = OscarSample;
			sourceTree = "<group>";
		};
		64596C3123FD140B00237F49 /* Frameworks */ = {
			isa = PBXGroup;
			children = (
				645EECE724177A6600205F38 /* LocalAuthentication.framework */,
				645EECE02417674600205F38 /* libOscarLib.a */,
				0B31DB01C2EED80389909E39 /* Pods_OscarSample.framework */,
			);
			name = Frameworks;
			sourceTree = "<group>";
		};
		F9433263F311952CBB1CDBC5 /* Pods */ = {
			isa = PBXGroup;
			children = (
				82F21E9EA093D9E48B8ACDA6 /* Pods-OscarSample.debug.xcconfig */,
				B891E71D6D7455D63B664E0E /* Pods-OscarSample.release.xcconfig */,
			);
			path = Pods;
			sourceTree = "<group>";
		};
/* End PBXGroup section */

/* Begin PBXHeadersBuildPhase section */
		645EECE624177A2600205F38 /* Headers */ = {
			isa = PBXHeadersBuildPhase;
			buildActionMask = 2147483647;
			files = (
				641C1A4E2417C49C00234C7F /* OscarLib.h in Headers */,
				6466C2852418D2B900A4A89A /* AuntenticateController.h in Headers */,
			);
			runOnlyForDeploymentPostprocessing = 0;
		};
/* End PBXHeadersBuildPhase section */

/* Begin PBXNativeTarget section */
		64320CDB23FCF9A200F19A9C /* OscarSample */ = {
			isa = PBXNativeTarget;
			buildConfigurationList = 64320CF523FCF9A200F19A9C /* Build configuration list for PBXNativeTarget "OscarSample" */;
			buildPhases = (
				E2AA7ECEB157A093459C674C /* [CP] Check Pods Manifest.lock */,
				645EECE624177A2600205F38 /* Headers */,
				64320CD823FCF9A200F19A9C /* Sources */,
				64320CD923FCF9A200F19A9C /* Frameworks */,
				64320CDA23FCF9A200F19A9C /* Resources */,
				7FB0F46F3470527787ACEBBA /* [CP] Embed Pods Frameworks */,
			);
			buildRules = (
			);
			dependencies = (
			);
			name = OscarSample;
			productName = OscarSample;
			productReference = 64320CDC23FCF9A200F19A9C /* OscarSample.app */;
			productType = "com.apple.product-type.application";
		};
/* End PBXNativeTarget section */

/* Begin PBXProject section */
		64320CD423FCF9A200F19A9C /* Project object */ = {
			isa = PBXProject;
			attributes = {
				LastUpgradeCheck = 1120;
				ORGANIZATIONNAME = yettie;
				TargetAttributes = {
					64320CDB23FCF9A200F19A9C = {
						CreatedOnToolsVersion = 11.2.1;
					};
				};
			};
			buildConfigurationList = 64320CD723FCF9A200F19A9C /* Build configuration list for PBXProject "OscarSample" */;
			compatibilityVersion = "Xcode 9.3";
			developmentRegion = en;
			hasScannedForEncodings = 0;
			knownRegions = (
				en,
				Base,
			);
			mainGroup = 64320CD323FCF9A200F19A9C;
			productRefGroup = 64320CDD23FCF9A200F19A9C /* Products */;
			projectDirPath = "";
			projectRoot = "";
			targets = (
				64320CDB23FCF9A200F19A9C /* OscarSample */,
			);
		};
/* End PBXProject section */

/* Begin PBXResourcesBuildPhase section */
		64320CDA23FCF9A200F19A9C /* Resources */ = {
			isa = PBXResourcesBuildPhase;
			buildActionMask = 2147483647;
			files = (
				645EECBA24120FCD00205F38 /* oscarIcon.png in Resources */,
				645EECDC241738BD00205F38 /* meteor.png in Resources */,
				645EECDE24174C9A00205F38 /* word.png in Resources */,
				64320CEF23FCF9A200F19A9C /* LaunchScreen.storyboard in Resources */,
				645EECBB24120FCD00205F38 /* pushIcon.png in Resources */,
				645EECBC24120FCD00205F38 /* qrIcom.png in Resources */,
				645EECAF2410DE7200205F38 /* GoogleService-Info.plist in Resources */,
				64596C2E23FCFF3700237F49 /* Assets.xcassets in Resources */,
				64320CEA23FCF9A200F19A9C /* Main.storyboard in Resources */,
			);
			runOnlyForDeploymentPostprocessing = 0;
		};
/* End PBXResourcesBuildPhase section */

/* Begin PBXShellScriptBuildPhase section */
		7FB0F46F3470527787ACEBBA /* [CP] Embed Pods Frameworks */ = {
			isa = PBXShellScriptBuildPhase;
			buildActionMask = 2147483647;
			files = (
			);
			inputFileListPaths = (
				"${PODS_ROOT}/Target Support Files/Pods-OscarSample/Pods-OscarSample-frameworks-${CONFIGURATION}-input-files.xcfilelist",
			);
			name = "[CP] Embed Pods Frameworks";
			outputFileListPaths = (
				"${PODS_ROOT}/Target Support Files/Pods-OscarSample/Pods-OscarSample-frameworks-${CONFIGURATION}-output-files.xcfilelist",
			);
			runOnlyForDeploymentPostprocessing = 0;
			shellPath = /bin/sh;
			shellScript = "\"${PODS_ROOT}/Target Support Files/Pods-OscarSample/Pods-OscarSample-frameworks.sh\"\n";
			showEnvVarsInLog = 0;
		};
		E2AA7ECEB157A093459C674C /* [CP] Check Pods Manifest.lock */ = {
			isa = PBXShellScriptBuildPhase;
			buildActionMask = 2147483647;
			files = (
			);
			inputFileListPaths = (
			);
			inputPaths = (
				"${PODS_PODFILE_DIR_PATH}/Podfile.lock",
				"${PODS_ROOT}/Manifest.lock",
			);
			name = "[CP] Check Pods Manifest.lock";
			outputFileListPaths = (
			);
			outputPaths = (
				"$(DERIVED_FILE_DIR)/Pods-OscarSample-checkManifestLockResult.txt",
			);
			runOnlyForDeploymentPostprocessing = 0;
			shellPath = /bin/sh;
			shellScript = "diff \"${PODS_PODFILE_DIR_PATH}/Podfile.lock\" \"${PODS_ROOT}/Manifest.lock\" > /dev/null\nif [ $? != 0 ] ; then\n    # print error to STDERR\n    echo \"error: The sandbox is not in sync with the Podfile.lock. Run 'pod install' or update your CocoaPods installation.\" >&2\n    exit 1\nfi\n# This output is used by Xcode 'outputs' to avoid re-running this script phase.\necho \"SUCCESS\" > \"${SCRIPT_OUTPUT_FILE_0}\"\n";
			showEnvVarsInLog = 0;
		};
/* End PBXShellScriptBuildPhase section */

/* Begin PBXSourcesBuildPhase section */
		64320CD823FCF9A200F19A9C /* Sources */ = {
			isa = PBXSourcesBuildPhase;
			buildActionMask = 2147483647;
			files = (
				645EECE5241773E000205F38 /* LoginController.m in Sources */,
				64320CE723FCF9A200F19A9C /* OscarMainController.m in Sources */,
				645EECDA2417340C00205F38 /* PushController.m in Sources */,
				64320CE123FCF9A200F19A9C /* APNSDelegate.m in Sources */,
				6466C2862418D2B900A4A89A /* AuntenticateController.m in Sources */,
				64320CF223FCF9A200F19A9C /* main.m in Sources */,
				645EECAD240F892000205F38 /* FCMDelegate.m in Sources */,
				64320CE423FCF9A200F19A9C /* SceneDelegate.m in Sources */,
			);
			runOnlyForDeploymentPostprocessing = 0;
		};
/* End PBXSourcesBuildPhase section */

/* Begin PBXVariantGroup section */
		64320CE823FCF9A200F19A9C /* Main.storyboard */ = {
			isa = PBXVariantGroup;
			children = (
				64320CE923FCF9A200F19A9C /* Base */,
			);
			name = Main.storyboard;
			sourceTree = "<group>";
		};
		64320CED23FCF9A200F19A9C /* LaunchScreen.storyboard */ = {
			isa = PBXVariantGroup;
			children = (
				64320CEE23FCF9A200F19A9C /* Base */,
			);
			name = LaunchScreen.storyboard;
			sourceTree = "<group>";
		};
/* End PBXVariantGroup section */

/* Begin XCBuildConfiguration section */
		64320CF323FCF9A200F19A9C /* Debug */ = {
			isa = XCBuildConfiguration;
			buildSettings = {
				ALWAYS_SEARCH_USER_PATHS = NO;
				CLANG_ANALYZER_NONNULL = YES;
				CLANG_ANALYZER_NUMBER_OBJECT_CONVERSION = YES_AGGRESSIVE;
				CLANG_CXX_LANGUAGE_STANDARD = "gnu++14";
				CLANG_CXX_LIBRARY = "libc++";
				CLANG_ENABLE_MODULES = YES;
				CLANG_ENABLE_OBJC_ARC = YES;
				CLANG_ENABLE_OBJC_WEAK = YES;
				CLANG_WARN_BLOCK_CAPTURE_AUTORELEASING = YES;
				CLANG_WARN_BOOL_CONVERSION = YES;
				CLANG_WARN_COMMA = YES;
				CLANG_WARN_CONSTANT_CONVERSION = YES;
				CLANG_WARN_DEPRECATED_OBJC_IMPLEMENTATIONS = YES;
				CLANG_WARN_DIRECT_OBJC_ISA_USAGE = YES_ERROR;
				CLANG_WARN_DOCUMENTATION_COMMENTS = YES;
				CLANG_WARN_EMPTY_BODY = YES;
				CLANG_WARN_ENUM_CONVERSION = YES;
				CLANG_WARN_INFINITE_RECURSION = YES;
				CLANG_WARN_INT_CONVERSION = YES;
				CLANG_WARN_NON_LITERAL_NULL_CONVERSION = YES;
				CLANG_WARN_OBJC_IMPLICIT_RETAIN_SELF = YES;
				CLANG_WARN_OBJC_LITERAL_CONVERSION = YES;
				CLANG_WARN_OBJC_ROOT_CLASS = YES_ERROR;
				CLANG_WARN_RANGE_LOOP_ANALYSIS = YES;
				CLANG_WARN_STRICT_PROTOTYPES = YES;
				CLANG_WARN_SUSPICIOUS_MOVE = YES;
				CLANG_WARN_UNGUARDED_AVAILABILITY = YES_AGGRESSIVE;
				CLANG_WARN_UNREACHABLE_CODE = YES;
				CLANG_WARN__DUPLICATE_METHOD_MATCH = YES;
				COPY_PHASE_STRIP = NO;
				DEBUG_INFORMATION_FORMAT = dwarf;
				ENABLE_STRICT_OBJC_MSGSEND = YES;
				ENABLE_TESTABILITY = YES;
				GCC_C_LANGUAGE_STANDARD = gnu11;
				GCC_DYNAMIC_NO_PIC = NO;
				GCC_NO_COMMON_BLOCKS = YES;
				GCC_OPTIMIZATION_LEVEL = 0;
				GCC_PREPROCESSOR_DEFINITIONS = (
					"DEBUG=1",
					"$(inherited)",
				);
				GCC_WARN_64_TO_32_BIT_CONVERSION = YES;
				GCC_WARN_ABOUT_RETURN_TYPE = YES_ERROR;
				GCC_WARN_UNDECLARED_SELECTOR = YES;
				GCC_WARN_UNINITIALIZED_AUTOS = YES_AGGRESSIVE;
				GCC_WARN_UNUSED_FUNCTION = YES;
				GCC_WARN_UNUSED_VARIABLE = YES;
				IPHONEOS_DEPLOYMENT_TARGET = 13.2;
				MTL_ENABLE_DEBUG_INFO = INCLUDE_SOURCE;
				MTL_FAST_MATH = YES;
				ONLY_ACTIVE_ARCH = YES;
				SDKROOT = iphoneos;
			};
			name = Debug;
		};
		64320CF423FCF9A200F19A9C /* Release */ = {
			isa = XCBuildConfiguration;
			buildSettings = {
				ALWAYS_SEARCH_USER_PATHS = NO;
				CLANG_ANALYZER_NONNULL = YES;
				CLANG_ANALYZER_NUMBER_OBJECT_CONVERSION = YES_AGGRESSIVE;
				CLANG_CXX_LANGUAGE_STANDARD = "gnu++14";
				CLANG_CXX_LIBRARY = "libc++";
				CLANG_ENABLE_MODULES = YES;
				CLANG_ENABLE_OBJC_ARC = YES;
				CLANG_ENABLE_OBJC_WEAK = YES;
				CLANG_WARN_BLOCK_CAPTURE_AUTORELEASING = YES;
				CLANG_WARN_BOOL_CONVERSION = YES;
				CLANG_WARN_COMMA = YES;
				CLANG_WARN_CONSTANT_CONVERSION = YES;
				CLANG_WARN_DEPRECATED_OBJC_IMPLEMENTATIONS = YES;
				CLANG_WARN_DIRECT_OBJC_ISA_USAGE = YES_ERROR;
				CLANG_WARN_DOCUMENTATION_COMMENTS = YES;
				CLANG_WARN_EMPTY_BODY = YES;
				CLANG_WARN_ENUM_CONVERSION = YES;
				CLANG_WARN_INFINITE_RECURSION = YES;
				CLANG_WARN_INT_CONVERSION = YES;
				CLANG_WARN_NON_LITERAL_NULL_CONVERSION = YES;
				CLANG_WARN_OBJC_IMPLICIT_RETAIN_SELF = YES;
				CLANG_WARN_OBJC_LITERAL_CONVERSION = YES;
				CLANG_WARN_OBJC_ROOT_CLASS = YES_ERROR;
				CLANG_WARN_RANGE_LOOP_ANALYSIS = YES;
				CLANG_WARN_STRICT_PROTOTYPES = YES;
				CLANG_WARN_SUSPICIOUS_MOVE = YES;
				CLANG_WARN_UNGUARDED_AVAILABILITY = YES_AGGRESSIVE;
				CLANG_WARN_UNREACHABLE_CODE = YES;
				CLANG_WARN__DUPLICATE_METHOD_MATCH = YES;
				COPY_PHASE_STRIP = NO;
				DEBUG_INFORMATION_FORMAT = "dwarf-with-dsym";
				ENABLE_NS_ASSERTIONS = NO;
				ENABLE_STRICT_OBJC_MSGSEND = YES;
				GCC_C_LANGUAGE_STANDARD = gnu11;
				GCC_NO_COMMON_BLOCKS = YES;
				GCC_WARN_64_TO_32_BIT_CONVERSION = YES;
				GCC_WARN_ABOUT_RETURN_TYPE = YES_ERROR;
				GCC_WARN_UNDECLARED_SELECTOR = YES;
				GCC_WARN_UNINITIALIZED_AUTOS = YES_AGGRESSIVE;
				GCC_WARN_UNUSED_FUNCTION = YES;
				GCC_WARN_UNUSED_VARIABLE = YES;
				IPHONEOS_DEPLOYMENT_TARGET = 13.2;
				MTL_ENABLE_DEBUG_INFO = NO;
				MTL_FAST_MATH = YES;
				SDKROOT = iphoneos;
				VALIDATE_PRODUCT = YES;
			};
			name = Release;
		};
		64320CF623FCF9A200F19A9C /* Debug */ = {
			isa = XCBuildConfiguration;
			baseConfigurationReference = 82F21E9EA093D9E48B8ACDA6 /* Pods-OscarSample.debug.xcconfig */;
			buildSettings = {
				ASSETCATALOG_COMPILER_APPICON_NAME = AppIcon;
				CODE_SIGN_ENTITLEMENTS = OscarSample/OscarSample.entitlements;
				CODE_SIGN_IDENTITY = "Apple Development";
				CODE_SIGN_STYLE = Automatic;
				DEVELOPMENT_TEAM = 3Q7RNHANG9;
				INFOPLIST_FILE = OscarSample/Info.plist;
				IPHONEOS_DEPLOYMENT_TARGET = 9.0;
				LD_RUNPATH_SEARCH_PATHS = (
					"$(inherited)",
					"@executable_path/Frameworks",
				);
				LIBRARY_SEARCH_PATHS = (
					"${inherited}",
					"${PROJECT_DIR}/../lib",
					"$(PROJECT_DIR)/lib",
				);
				PRODUCT_BUNDLE_IDENTIFIER = com.yettiesoft.OscarSample;
				PRODUCT_NAME = "$(TARGET_NAME)";
				PROVISIONING_PROFILE_SPECIFIER = "";
				TARGETED_DEVICE_FAMILY = "1,2";
				USER_HEADER_SEARCH_PATHS = (
					"${inherited}",
					"${PROJECT_DIR}/../include",
				);
			};
			name = Debug;
		};
		64320CF723FCF9A200F19A9C /* Release */ = {
			isa = XCBuildConfiguration;
			baseConfigurationReference = B891E71D6D7455D63B664E0E /* Pods-OscarSample.release.xcconfig */;
			buildSettings = {
				ASSETCATALOG_COMPILER_APPICON_NAME = AppIcon;
				CODE_SIGN_ENTITLEMENTS = OscarSample/OscarSample.entitlements;
				CODE_SIGN_IDENTITY = "Apple Development";
				CODE_SIGN_STYLE = Automatic;
				DEVELOPMENT_TEAM = 3Q7RNHANG9;
				INFOPLIST_FILE = OscarSample/Info.plist;
				IPHONEOS_DEPLOYMENT_TARGET = 9.0;
				LD_RUNPATH_SEARCH_PATHS = (
					"$(inherited)",
					"@executable_path/Frameworks",
				);
				LIBRARY_SEARCH_PATHS = (
					"${inherited}",
					"${PROJECT_DIR}/../lib",
					"$(PROJECT_DIR)/lib",
				);
				PRODUCT_BUNDLE_IDENTIFIER = com.yettiesoft.OscarSample;
				PRODUCT_NAME = "$(TARGET_NAME)";
				PROVISIONING_PROFILE_SPECIFIER = "";
				TARGETED_DEVICE_FAMILY = "1,2";
				USER_HEADER_SEARCH_PATHS = (
					"${inherited}",
					"${PROJECT_DIR}/../include",
				);
			};
			name = Release;
		};
/* End XCBuildConfiguration section */

/* Begin XCConfigurationList section */
		64320CD723FCF9A200F19A9C /* Build configuration list for PBXProject "OscarSample" */ = {
			isa = XCConfigurationList;
			buildConfigurations = (
				64320CF323FCF9A200F19A9C /* Debug */,
				64320CF423FCF9A200F19A9C /* Release */,
			);
			defaultConfigurationIsVisible = 0;
			defaultConfigurationName = Release;
		};
		64320CF523FCF9A200F19A9C /* Build configuration list for PBXNativeTarget "OscarSample" */ = {
			isa = XCConfigurationList;
			buildConfigurations = (
				64320CF623FCF9A200F19A9C /* Debug */,
				64320CF723FCF9A200F19A9C /* Release */,
			);
			defaultConfigurationIsVisible = 0;
			defaultConfigurationName = Release;
		};
/* End XCConfigurationList section */
	};
	rootObject = 64320CD423FCF9A200F19A9C /* Project object */;
}
